// !$*UTF8*$!
{
	archiveVersion = 1;
	classes = {
	};
	objectVersion = 100;
	objects = {

/* Begin PBXBuildFile section */
		9C4ADB8B300680AD0068041F /* AVKit.framework in Frameworks */ = {isa = PBXBuildFile; fileRef = 9C4ADB8C300680AD0068041F /* AVKit.framework */; };
		FF0000000000000000000004 /* ffmpeg in Embed FFmpeg Tools */ = {isa = PBXBuildFile; fileRef = FF0000000000000000000001 /* ffmpeg */; settings = {ATTRIBUTES = (CodeSignOnCopy, ); }; };
		FF0000000000000000000005 /* ffprobe in Embed FFmpeg Tools */ = {isa = PBXBuildFile; fileRef = FF0000000000000000000002 /* ffprobe */; settings = {ATTRIBUTES = (CodeSignOnCopy, ); }; };
		FF1000000000000000000009 /* NOTICE.md in Copy FFmpeg Distribution */ = {isa = PBXBuildFile; fileRef = FF1000000000000000000001 /* NOTICE.md */; };
		FF100000000000000000000A /* VERSION in Copy FFmpeg Distribution */ = {isa = PBXBuildFile; fileRef = FF1000000000000000000002 /* VERSION */; };
		FF100000000000000000000B /* README.md in Copy FFmpeg Distribution */ = {isa = PBXBuildFile; fileRef = FF1000000000000000000003 /* README.md */; };
		FF100000000000000000000C /* build-macos.sh in Copy FFmpeg Distribution */ = {isa = PBXBuildFile; fileRef = FF1000000000000000000004 /* build-macos.sh */; };
		FF100000000000000000000D /* pkg-config-x264.sh in Copy FFmpeg Distribution */ = {isa = PBXBuildFile; fileRef = FF1000000000000000000005 /* pkg-config-x264.sh */; };
		FF100000000000000000000E /* Sources in Copy FFmpeg Distribution */ = {isa = PBXBuildFile; fileRef = FF1000000000000000000006 /* Sources */; };
		FF100000000000000000000F /* Licenses in Copy FFmpeg Distribution */ = {isa = PBXBuildFile; fileRef = FF1000000000000000000007 /* Licenses */; };
/* End PBXBuildFile section */

/* Begin PBXContainerItemProxy section */
		A10000000000000000000001 /* PBXContainerItemProxy */ = {
			isa = PBXContainerItemProxy;
			containerPortal = 9C4ADB75300680AC0068041F /* Project object */;
			proxyType = 1;
			remoteGlobalIDString = 9C4ADB7C300680AC0068041F;
			remoteInfo = VideoEditor;
		};
/* End PBXContainerItemProxy section */

/* Begin PBXCopyFilesBuildPhase section */
		FF0000000000000000000006 /* Embed FFmpeg Tools */ = {
			isa = PBXCopyFilesBuildPhase;
			dstPath = "";
			dstSubfolder = Executables;
			files = (
				FF0000000000000000000004 /* ffmpeg in Embed FFmpeg Tools */,
				FF0000000000000000000005 /* ffprobe in Embed FFmpeg Tools */,
			);
			name = "Embed FFmpeg Tools";
		};
		FF1000000000000000000010 /* Copy FFmpeg Distribution */ = {
			isa = PBXCopyFilesBuildPhase;
			dstPath = FFmpeg;
			dstSubfolder = Resources;
			files = (
				FF1000000000000000000009 /* NOTICE.md in Copy FFmpeg Distribution */,
				FF100000000000000000000A /* VERSION in Copy FFmpeg Distribution */,
				FF100000000000000000000B /* README.md in Copy FFmpeg Distribution */,
				FF100000000000000000000C /* build-macos.sh in Copy FFmpeg Distribution */,
				FF100000000000000000000D /* pkg-config-x264.sh in Copy FFmpeg Distribution */,
				FF100000000000000000000E /* Sources in Copy FFmpeg Distribution */,
				FF100000000000000000000F /* Licenses in Copy FFmpeg Distribution */,
			);
			name = "Copy FFmpeg Distribution";
		};
/* End PBXCopyFilesBuildPhase section */

/* Begin PBXFileReference section */
		9C4ADB7D300680AC0068041F /* VideoEditor.app */ = {isa = PBXFileReference; explicitFileType = wrapper.application; includeInIndex = 0; path = VideoEditor.app; sourceTree = BUILT_PRODUCTS_DIR; };
		9C4ADB8C300680AD0068041F /* AVKit.framework */ = {isa = PBXFileReference; lastKnownFileType = wrapper.framework; name = AVKit.framework; path = System/Library/Frameworks/AVKit.framework; sourceTree = SDKROOT; };
		A10000000000000000000002 /* VideoEditorTests.xctest */ = {isa = PBXFileReference; explicitFileType = wrapper.cfbundle; includeInIndex = 0; path = VideoEditorTests.xctest; sourceTree = BUILT_PRODUCTS_DIR; };
		FF0000000000000000000001 /* ffmpeg */ = {isa = PBXFileReference; explicitFileType = "compiled.mach-o.executable"; path = ffmpeg; sourceTree = "<group>"; };
		FF0000000000000000000002 /* ffprobe */ = {isa = PBXFileReference; explicitFileType = "compiled.mach-o.executable"; path = ffprobe; sourceTree = "<group>"; };
		FF1000000000000000000001 /* NOTICE.md */ = {isa = PBXFileReference; lastKnownFileType = net.daringfireball.markdown; path = NOTICE.md; sourceTree = "<group>"; };
		FF1000000000000000000002 /* VERSION */ = {isa = PBXFileReference; lastKnownFileType = text; path = VERSION; sourceTree = "<group>"; };
		FF1000000000000000000003 /* README.md */ = {isa = PBXFileReference; lastKnownFileType = net.daringfireball.markdown; path = README.md; sourceTree = "<group>"; };
		FF1000000000000000000004 /* build-macos.sh */ = {isa = PBXFileReference; lastKnownFileType = text.script.sh; path = "build-macos.sh"; sourceTree = "<group>"; };
		FF1000000000000000000005 /* pkg-config-x264.sh */ = {isa = PBXFileReference; lastKnownFileType = text.script.sh; path = "pkg-config-x264.sh"; sourceTree = "<group>"; };
		FF1000000000000000000006 /* Sources */ = {isa = PBXFileReference; lastKnownFileType = folder; path = Sources; sourceTree = "<group>"; };
		FF1000000000000000000007 /* Licenses */ = {isa = PBXFileReference; lastKnownFileType = folder; path = Licenses; sourceTree = "<group>"; };
/* End PBXFileReference section */

/* Begin PBXFileSystemSynchronizedRootGroup section */
		9C4ADB7F300680AC0068041F /* VideoEditor */ = {
			isa = PBXFileSystemSynchronizedRootGroup;
			path = VideoEditor;
			sourceTree = "<group>";
		};
		A10000000000000000000003 /* VideoEditorTests */ = {
			isa = PBXFileSystemSynchronizedRootGroup;
			path = VideoEditorTests;
			sourceTree = "<group>";
		};
/* End PBXFileSystemSynchronizedRootGroup section */

/* Begin PBXFrameworksBuildPhase section */
		9C4ADB7A300680AC0068041F /* Frameworks */ = {
			isa = PBXFrameworksBuildPhase;
			files = (
				9C4ADB8B300680AD0068041F /* AVKit.framework in Frameworks */,
			);
		};
		A10000000000000000000004 /* Frameworks */ = {
			isa = PBXFrameworksBuildPhase;
			files = (
			);
		};
/* End PBXFrameworksBuildPhase section */

/* Begin PBXGroup section */
		9C4ADB74300680AC0068041F = {
			isa = PBXGroup;
			children = (
				9C4ADB7F300680AC0068041F /* VideoEditor */,
				A10000000000000000000003 /* VideoEditorTests */,
				FF0000000000000000000003 /* FFmpeg Tools */,
				FF1000000000000000000008 /* FFmpeg Distribution */,
				9C4ADB8D300680AD0068041F /* Frameworks */,
				9C4ADB7E300680AC0068041F /* Products */,
			);
			sourceTree = "<group>";
		};
		9C4ADB7E300680AC0068041F /* Products */ = {
			isa = PBXGroup;
			children = (
				9C4ADB7D300680AC0068041F /* VideoEditor.app */,
				A10000000000000000000002 /* VideoEditorTests.xctest */,
			);
			name = Products;
			sourceTree = "<group>";
		};
		9C4ADB8D300680AD0068041F /* Frameworks */ = {
			isa = PBXGroup;
			children = (
				9C4ADB8C300680AD0068041F /* AVKit.framework */,
			);
			name = Frameworks;
			sourceTree = "<group>";
		};
		FF0000000000000000000003 /* FFmpeg Tools */ = {
			isa = PBXGroup;
			children = (
				FF0000000000000000000001 /* ffmpeg */,
				FF0000000000000000000002 /* ffprobe */,
			);
			name = "FFmpeg Tools";
			path = Dependencies/FFmpeg/bin;
			sourceTree = "<group>";
		};
		FF1000000000000000000008 /* FFmpeg Distribution */ = {
			isa = PBXGroup;
			children = (
				FF1000000000000000000001 /* NOTICE.md */,
				FF1000000000000000000002 /* VERSION */,
				FF1000000000000000000003 /* README.md */,
				FF1000000000000000000004 /* build-macos.sh */,
				FF1000000000000000000005 /* pkg-config-x264.sh */,
				FF1000000000000000000006 /* Sources */,
				FF1000000000000000000007 /* Licenses */,
			);
			name = "FFmpeg Distribution";
			path = Dependencies/FFmpeg;
			sourceTree = "<group>";
		};
/* End PBXGroup section */

/* Begin PBXNativeTarget section */
		9C4ADB7C300680AC0068041F /* VideoEditor */ = {
			isa = PBXNativeTarget;
			buildConfigurationList = 9C4ADB88300680AD0068041F /* Build configuration list for PBXNativeTarget "VideoEditor" */;
			buildPhases = (
				9C4ADB79300680AC0068041F /* Sources */,
				9C4ADB7A300680AC0068041F /* Frameworks */,
				9C4ADB7B300680AC0068041F /* Resources */,
				FF0000000000000000000006 /* Embed FFmpeg Tools */,
				FF1000000000000000000010 /* Copy FFmpeg Distribution */,
			);
			buildRules = (
			);
			fileSystemSynchronizedGroups = (
				9C4ADB7F300680AC0068041F /* VideoEditor */,
			);
			name = VideoEditor;
			productName = VideoEditor;
			productReference = 9C4ADB7D300680AC0068041F /* VideoEditor.app */;
			productType = "com.apple.product-type.application";
		};
		A10000000000000000000007 /* VideoEditorTests */ = {
			isa = PBXNativeTarget;
			buildConfigurationList = A1000000000000000000000B /* Build configuration list for PBXNativeTarget "VideoEditorTests" */;
			buildPhases = (
				A10000000000000000000006 /* Sources */,
				A10000000000000000000004 /* Frameworks */,
				A10000000000000000000005 /* Resources */,
			);
			buildRules = (
			);
			dependencies = (
				A10000000000000000000008 /* PBXTargetDependency */,
			);
			fileSystemSynchronizedGroups = (
				A10000000000000000000003 /* VideoEditorTests */,
			);
			name = VideoEditorTests;
			productName = VideoEditorTests;
			productReference = A10000000000000000000002 /* VideoEditorTests.xctest */;
			productType = "com.apple.product-type.bundle.unit-test";
		};
/* End PBXNativeTarget section */

/* Begin PBXProject section */
		9C4ADB75300680AC0068041F /* Project object */ = {
			isa = PBXProject;
			attributes = {
				BuildIndependentTargetsInParallel = 1;
				LastSwiftUpdateCheck = 2660;
				LastUpgradeCheck = 2660;
				TargetAttributes = {
					9C4ADB7C300680AC0068041F = {
						CreatedOnToolsVersion = 26.6;
					};
					A10000000000000000000007 = {
						CreatedOnToolsVersion = 26.6;
						TestTargetID = 9C4ADB7C300680AC0068041F;
					};
				};
			};
			buildConfigurationList = 9C4ADB78300680AC0068041F /* Build configuration list for PBXProject "VideoEditor" */;
			developmentRegion = en;
			hasScannedForEncodings = 0;
			knownRegions = (
				en,
				Base,
			);
			mainGroup = 9C4ADB74300680AC0068041F;
			minimizedProjectReferenceProxies = 1;
			preferredProjectObjectVersion = 100;
			productRefGroup = 9C4ADB7E300680AC0068041F /* Products */;
			projectDirPath = "";
			projectRoot = "";
			targets = (
				9C4ADB7C300680AC0068041F /* VideoEditor */,
				A10000000000000000000007 /* VideoEditorTests */,
			);
		};
/* End PBXProject section */

/* Begin PBXResourcesBuildPhase section */
		9C4ADB7B300680AC0068041F /* Resources */ = {
			isa = PBXResourcesBuildPhase;
			files = (
			);
		};
		A10000000000000000000005 /* Resources */ = {
			isa = PBXResourcesBuildPhase;
			files = (
			);
		};
/* End PBXResourcesBuildPhase section */

/* Begin PBXSourcesBuildPhase section */
		9C4ADB79300680AC0068041F /* Sources */ = {
			isa = PBXSourcesBuildPhase;
			files = (
			);
		};
		A10000000000000000000006 /* Sources */ = {
			isa = PBXSourcesBuildPhase;
			files = (
			);
		};
/* End PBXSourcesBuildPhase section */

/* Begin PBXTargetDependency section */
		A10000000000000000000008 /* PBXTargetDependency */ = {
			isa = PBXTargetDependency;
			target = 9C4ADB7C300680AC0068041F /* VideoEditor */;
			targetProxy = A10000000000000000000001 /* PBXContainerItemProxy */;
		};
/* End PBXTargetDependency section */

/* Begin XCBuildConfiguration section */
		9C4ADB86300680AD0068041F /* Debug configuration for PBXProject "VideoEditor" */ = {
			isa = XCBuildConfiguration;
			buildSettings = {
				ALWAYS_SEARCH_USER_PATHS = NO;
				ASSETCATALOG_COMPILER_GENERATE_SWIFT_ASSET_SYMBOL_EXTENSIONS = YES;
				CLANG_ANALYZER_NONNULL = YES;
				CLANG_ANALYZER_NUMBER_OBJECT_CONVERSION = YES_AGGRESSIVE;
				CLANG_CXX_LANGUAGE_STANDARD = "gnu++20";
				CLANG_ENABLE_MODULES = YES;
				CLANG_ENABLE_OBJC_ARC = YES;
				CLANG_ENABLE_OBJC_WEAK = YES;
				CLANG_WARN_BLOCK_CAPTURE_AUTORELEASING = YES;
				CLANG_WARN_BOOL_CONVERSION = YES;
				CLANG_WARN_COMMA = YES;
				CLANG_WARN_CONSTANT_CONVERSION = YES;
				CLANG_WARN_DEPRECATED_OBJC_IMPLEMENTATIONS = YES;
				CLANG_WARN_DIRECT_OBJC_ISA_USAGE = YES_ERROR;
				CLANG_WARN_DOCUMENTATION_COMMENTS = YES;
				CLANG_WARN_EMPTY_BODY = YES;
				CLANG_WARN_ENUM_CONVERSION = YES;
				CLANG_WARN_INFINITE_RECURSION = YES;
				CLANG_WARN_INT_CONVERSION = YES;
				CLANG_WARN_NON_LITERAL_NULL_CONVERSION = YES;
				CLANG_WARN_OBJC_IMPLICIT_RETAIN_SELF = YES;
				CLANG_WARN_OBJC_LITERAL_CONVERSION = YES;
				CLANG_WARN_OBJC_ROOT_CLASS = YES_ERROR;
				CLANG_WARN_QUOTED_INCLUDE_IN_FRAMEWORK_HEADER = YES;
				CLANG_WARN_RANGE_LOOP_ANALYSIS = YES;
				CLANG_WARN_STRICT_PROTOTYPES = YES;
				CLANG_WARN_SUSPICIOUS_MOVE = YES;
				CLANG_WARN_UNGUARDED_AVAILABILITY = YES_AGGRESSIVE;
				CLANG_WARN_UNREACHABLE_CODE = YES;
				CLANG_WARN__DUPLICATE_METHOD_MATCH = YES;
				COPY_PHASE_STRIP = NO;
				DEBUG_INFORMATION_FORMAT = dwarf;
				DEVELOPMENT_TEAM = ZBK262H8J2;
				ENABLE_STRICT_OBJC_MSGSEND = YES;
				ENABLE_TESTABILITY = YES;
				ENABLE_USER_SCRIPT_SANDBOXING = YES;
				GCC_C_LANGUAGE_STANDARD = gnu17;
				GCC_DYNAMIC_NO_PIC = NO;
				GCC_NO_COMMON_BLOCKS = YES;
				GCC_OPTIMIZATION_LEVEL = 0;
				GCC_PREPROCESSOR_DEFINITIONS = (
					"DEBUG=1",
					"$(inherited)",
				);
				GCC_WARN_64_TO_32_BIT_CONVERSION = YES;
				GCC_WARN_ABOUT_RETURN_TYPE = YES_ERROR;
				GCC_WARN_UNDECLARED_SELECTOR = YES;
				GCC_WARN_UNINITIALIZED_AUTOS = YES_AGGRESSIVE;
				GCC_WARN_UNUSED_FUNCTION = YES;
				GCC_WARN_UNUSED_VARIABLE = YES;
				LOCALIZATION_PREFERS_STRING_CATALOGS = YES;
				MACOSX_DEPLOYMENT_TARGET = 26.5;
				MTL_ENABLE_DEBUG_INFO = INCLUDE_SOURCE;
				MTL_FAST_MATH = YES;
				ONLY_ACTIVE_ARCH = YES;
				SDKROOT = macosx;
				SWIFT_ACTIVE_COMPILATION_CONDITIONS = "DEBUG $(inherited)";
				SWIFT_OPTIMIZATION_LEVEL = "-Onone";
			};
			name = Debug;
		};
		9C4ADB87300680AD0068041F /* Release configuration for PBXProject "VideoEditor" */ = {
			isa = XCBuildConfiguration;
			buildSettings = {
				ALWAYS_SEARCH_USER_PATHS = NO;
				ASSETCATALOG_COMPILER_GENERATE_SWIFT_ASSET_SYMBOL_EXTENSIONS = YES;
				CLANG_ANALYZER_NONNULL = YES;
				CLANG_ANALYZER_NUMBER_OBJECT_CONVERSION = YES_AGGRESSIVE;
				CLANG_CXX_LANGUAGE_STANDARD = "gnu++20";
				CLANG_ENABLE_MODULES = YES;
				CLANG_ENABLE_OBJC_ARC = YES;
				CLANG_ENABLE_OBJC_WEAK = YES;
				CLANG_WARN_BLOCK_CAPTURE_AUTORELEASING = YES;
				CLANG_WARN_BOOL_CONVERSION = YES;
				CLANG_WARN_COMMA = YES;
				CLANG_WARN_CONSTANT_CONVERSION = YES;
				CLANG_WARN_DEPRECATED_OBJC_IMPLEMENTATIONS = YES;
				CLANG_WARN_DIRECT_OBJC_ISA_USAGE = YES_ERROR;
				CLANG_WARN_DOCUMENTATION_COMMENTS = YES;
				CLANG_WARN_EMPTY_BODY = YES;
				CLANG_WARN_ENUM_CONVERSION = YES;
				CLANG_WARN_INFINITE_RECURSION = YES;
				CLANG_WARN_INT_CONVERSION = YES;
				CLANG_WARN_NON_LITERAL_NULL_CONVERSION = YES;
				CLANG_WARN_OBJC_IMPLICIT_RETAIN_SELF = YES;
				CLANG_WARN_OBJC_LITERAL_CONVERSION = YES;
				CLANG_WARN_OBJC_ROOT_CLASS = YES_ERROR;
				CLANG_WARN_QUOTED_INCLUDE_IN_FRAMEWORK_HEADER = YES;
				CLANG_WARN_RANGE_LOOP_ANALYSIS = YES;
				CLANG_WARN_STRICT_PROTOTYPES = YES;
				CLANG_WARN_SUSPICIOUS_MOVE = YES;
				CLANG_WARN_UNGUARDED_AVAILABILITY = YES_AGGRESSIVE;
				CLANG_WARN_UNREACHABLE_CODE = YES;
				CLANG_WARN__DUPLICATE_METHOD_MATCH = YES;
				COPY_PHASE_STRIP = NO;
				DEBUG_INFORMATION_FORMAT = "dwarf-with-dsym";
				DEVELOPMENT_TEAM = ZBK262H8J2;
				ENABLE_NS_ASSERTIONS = NO;
				ENABLE_STRICT_OBJC_MSGSEND = YES;
				ENABLE_USER_SCRIPT_SANDBOXING = YES;
				GCC_C_LANGUAGE_STANDARD = gnu17;
				GCC_NO_COMMON_BLOCKS = YES;
				GCC_WARN_64_TO_32_BIT_CONVERSION = YES;
				GCC_WARN_ABOUT_RETURN_TYPE = YES_ERROR;
				GCC_WARN_UNDECLARED_SELECTOR = YES;
				GCC_WARN_UNINITIALIZED_AUTOS = YES_AGGRESSIVE;
				GCC_WARN_UNUSED_FUNCTION = YES;
				GCC_WARN_UNUSED_VARIABLE = YES;
				LOCALIZATION_PREFERS_STRING_CATALOGS = YES;
				MACOSX_DEPLOYMENT_TARGET = 26.5;
				MTL_ENABLE_DEBUG_INFO = NO;
				MTL_FAST_MATH = YES;
				SDKROOT = macosx;
				SWIFT_COMPILATION_MODE = wholemodule;
			};
			name = Release;
		};
		9C4ADB89300680AD0068041F /* Debug configuration for PBXNativeTarget "VideoEditor" */ = {
			isa = XCBuildConfiguration;
			buildSettings = {
				ASSETCATALOG_COMPILER_APPICON_NAME = AppIcon;
				ASSETCATALOG_COMPILER_GLOBAL_ACCENT_COLOR_NAME = AccentColor;
				CODE_SIGN_STYLE = Automatic;
				COMBINE_HIDPI_IMAGES = YES;
				CURRENT_PROJECT_VERSION = 20260804;
				DEVELOPMENT_TEAM = ZBK262H8J2;
				ENABLE_APP_SANDBOX = NO;
				ENABLE_HARDENED_RUNTIME = YES;
				ENABLE_PREVIEWS = YES;
				ENABLE_USER_SELECTED_FILES = readwrite;
				GENERATE_INFOPLIST_FILE = YES;
				INFOPLIST_KEY_LSApplicationCategoryType = "public.app-category.video";
				INFOPLIST_KEY_NSHumanReadableCopyright = "Designed and Developed by Ricky.";
				LD_RUNPATH_SEARCH_PATHS = (
					"$(inherited)",
					"@executable_path/../Frameworks",
				);
				MARKETING_VERSION = 1.0.0;
				PRODUCT_BUNDLE_IDENTIFIER = com.RickyChuang.VideoEditor;
				PRODUCT_NAME = "$(TARGET_NAME)";
				REGISTER_APP_GROUPS = YES;
				STRING_CATALOG_GENERATE_SYMBOLS = YES;
				SWIFT_APPROACHABLE_CONCURRENCY = YES;
				SWIFT_DEFAULT_ACTOR_ISOLATION = MainActor;
				SWIFT_EMIT_LOC_STRINGS = YES;
				SWIFT_UPCOMING_FEATURE_MEMBER_IMPORT_VISIBILITY = YES;
				SWIFT_VERSION = 6.0;
			};
			name = Debug;
		};
		9C4ADB8A300680AD0068041F /* Release configuration for PBXNativeTarget "VideoEditor" */ = {
			isa = XCBuildConfiguration;
			buildSettings = {
				ASSETCATALOG_COMPILER_APPICON_NAME = AppIcon;
				ASSETCATALOG_COMPILER_GLOBAL_ACCENT_COLOR_NAME = AccentColor;
				CODE_SIGN_STYLE = Automatic;
				COMBINE_HIDPI_IMAGES = YES;
				CURRENT_PROJECT_VERSION = 20260804;
				DEVELOPMENT_TEAM = ZBK262H8J2;
				ENABLE_APP_SANDBOX = NO;
				ENABLE_HARDENED_RUNTIME = YES;
				ENABLE_PREVIEWS = YES;
				ENABLE_USER_SELECTED_FILES = readwrite;
				GENERATE_INFOPLIST_FILE = YES;
				INFOPLIST_KEY_LSApplicationCategoryType = "public.app-category.video";
				INFOPLIST_KEY_NSHumanReadableCopyright = "Designed and Developed by Ricky.";
				LD_RUNPATH_SEARCH_PATHS = (
					"$(inherited)",
					"@executable_path/../Frameworks",
				);
				MARKETING_VERSION = 1.0.0;
				PRODUCT_BUNDLE_IDENTIFIER = com.RickyChuang.VideoEditor;
				PRODUCT_NAME = "$(TARGET_NAME)";
				REGISTER_APP_GROUPS = YES;
				STRING_CATALOG_GENERATE_SYMBOLS = YES;
				SWIFT_APPROACHABLE_CONCURRENCY = YES;
				SWIFT_DEFAULT_ACTOR_ISOLATION = MainActor;
				SWIFT_EMIT_LOC_STRINGS = YES;
				SWIFT_UPCOMING_FEATURE_MEMBER_IMPORT_VISIBILITY = YES;
				SWIFT_VERSION = 6.0;
			};
			name = Release;
		};
		A10000000000000000000009 /* Debug configuration for PBXNativeTarget "VideoEditorTests" */ = {
			isa = XCBuildConfiguration;
			buildSettings = {
				BUNDLE_LOADER = "$(TEST_HOST)";
				CODE_SIGN_STYLE = Automatic;
				COMBINE_HIDPI_IMAGES = YES;
				DEVELOPMENT_TEAM = ZBK262H8J2;
				GENERATE_INFOPLIST_FILE = YES;
				LD_RUNPATH_SEARCH_PATHS = (
					"$(inherited)",
					"@executable_path/../Frameworks",
					"@loader_path/../Frameworks",
				);
				PRODUCT_BUNDLE_IDENTIFIER = com.RickyChuang.VideoEditorTests;
				PRODUCT_NAME = "$(TARGET_NAME)";
				SWIFT_EMIT_LOC_STRINGS = NO;
				SWIFT_VERSION = 6.0;
				TEST_HOST = "$(BUILT_PRODUCTS_DIR)/VideoEditor.app/Contents/MacOS/VideoEditor";
			};
			name = Debug;
		};
		A1000000000000000000000A /* Release configuration for PBXNativeTarget "VideoEditorTests" */ = {
			isa = XCBuildConfiguration;
			buildSettings = {
				BUNDLE_LOADER = "$(TEST_HOST)";
				CODE_SIGN_STYLE = Automatic;
				COMBINE_HIDPI_IMAGES = YES;
				DEVELOPMENT_TEAM = ZBK262H8J2;
				GENERATE_INFOPLIST_FILE = YES;
				LD_RUNPATH_SEARCH_PATHS = (
					"$(inherited)",
					"@executable_path/../Frameworks",
					"@loader_path/../Frameworks",
				);
				PRODUCT_BUNDLE_IDENTIFIER = com.RickyChuang.VideoEditorTests;
				PRODUCT_NAME = "$(TARGET_NAME)";
				SWIFT_EMIT_LOC_STRINGS = NO;
				SWIFT_VERSION = 6.0;
				TEST_HOST = "$(BUILT_PRODUCTS_DIR)/VideoEditor.app/Contents/MacOS/VideoEditor";
			};
			name = Release;
		};
/* End XCBuildConfiguration section */

/* Begin XCConfigurationList section */
		9C4ADB78300680AC0068041F /* Build configuration list for PBXProject "VideoEditor" */ = {
			isa = XCConfigurationList;
			buildConfigurations = (
				9C4ADB86300680AD0068041F /* Debug configuration for PBXProject "VideoEditor" */,
				9C4ADB87300680AD0068041F /* Release configuration for PBXProject "VideoEditor" */,
			);
			defaultConfigurationName = Release;
		};
		9C4ADB88300680AD0068041F /* Build configuration list for PBXNativeTarget "VideoEditor" */ = {
			isa = XCConfigurationList;
			buildConfigurations = (
				9C4ADB89300680AD0068041F /* Debug configuration for PBXNativeTarget "VideoEditor" */,
				9C4ADB8A300680AD0068041F /* Release configuration for PBXNativeTarget "VideoEditor" */,
			);
			defaultConfigurationName = Release;
		};
		A1000000000000000000000B /* Build configuration list for PBXNativeTarget "VideoEditorTests" */ = {
			isa = XCConfigurationList;
			buildConfigurations = (
				A10000000000000000000009 /* Debug configuration for PBXNativeTarget "VideoEditorTests" */,
				A1000000000000000000000A /* Release configuration for PBXNativeTarget "VideoEditorTests" */,
			);
			defaultConfigurationName = Release;
		};
/* End XCConfigurationList section */
	};
	rootObject = 9C4ADB75300680AC0068041F /* Project object */;
}
